
Microsoft Visual Studio Solution File, Format Version 12.00
# Visual Studio Version 16
VisualStudioVersion = 16.0.30611.23
MinimumVisualStudioVersion = 10.0.40219.1
Project("{FAE04EC0-301F-11D3-BF4B-00C04F79EFBC}") = "Auth", "Auth.csproj", "{FE09652B-ED82-4A1B-965B-AF8A95FC60AD}"
EndProject
Global
	GlobalSection(SolutionConfigurationPlatforms) = preSolution
		Debug|Any CPU = Debug|Any CPU
		Release|Any CPU = Release|Any CPU
	EndGlobalSection
	GlobalSection(ProjectConfigurationPlatforms) = postSolution
		{FE09652B-ED82-4A1B-965B-AF8A95FC60AD}.Debug|Any CPU.ActiveCfg = Debug|Any CPU
		{FE09652B-ED82-4A1B-965B-AF8A95FC60AD}.Debug|Any CPU.Build.0 = Debug|Any CPU
		{FE09652B-ED82-4A1B-965B-AF8A95FC60AD}.Release|Any CPU.ActiveCfg = Release|Any CPU
		{FE09652B-ED82-4A1B-965B-AF8A95FC60AD}.Release|Any CPU.Build.0 = Release|Any CPU
	EndGlobalSection
	GlobalSection(SolutionProperties) = preSolution
		HideSolutionNode = FALSE
	EndGlobalSection
	GlobalSection(ExtensibilityGlobals) = postSolution
		SolutionGuid = {F5067EE3-2A01-4EDF-BA16-2C7D22F5F018}
	EndGlobalSection
EndGlobal
